
Microsoft Visual Studio Solution File, Format Version 12.00
# Visual Studio Version 16
VisualStudioVersion = 16.0.30114.105
MinimumVisualStudioVersion = 10.0.40219.1
Project("{9A19103F-16F7-4668-BE54-9A1E7A4F7556}") = "Lab1", "Lab1\Lab1.csproj", "{3D396A82-93B6-4EAE-B67C-D99F5CC2F68D}"
EndProject
Global
	GlobalSection(SolutionConfigurationPlatforms) = preSolution
		Debug|Any CPU = Debug|Any CPU
		Debug|x64 = Debug|x64
		Debug|x86 = Debug|x86
		Release|Any CPU = Release|Any CPU
		Release|x64 = Release|x64
		Release|x86 = Release|x86
	EndGlobalSection
	GlobalSection(ProjectConfigurationPlatforms) = postSolution
		{3D396A82-93B6-4EAE-B67C-D99F5CC2F68D}.Debug|Any CPU.ActiveCfg = Debug|Any CPU
		{3D396A82-93B6-4EAE-B67C-D99F5CC2F68D}.Debug|Any CPU.Build.0 = Debug|Any CPU
		{3D396A82-93B6-4EAE-B67C-D99F5CC2F68D}.Debug|x64.ActiveCfg = Debug|Any CPU
		{3D396A82-93B6-4EAE-B67C-D99F5CC2F68D}.Debug|x64.Build.0 = Debug|Any CPU
		{3D396A82-93B6-4EAE-B67C-D99F5CC2F68D}.Debug|x86.ActiveCfg = Debug|Any CPU
		{3D396A82-93B6-4EAE-B67C-D99F5CC2F68D}.Debug|x86.Build.0 = Debug|Any CPU
		{3D396A82-93B6-4EAE-B67C-D99F5CC2F68D}.Release|Any CPU.ActiveCfg = Release|Any CPU
		{3D396A82-93B6-4EAE-B67C-D99F5CC2F68D}.Release|Any CPU.Build.0 = Release|Any CPU
		{3D396A82-93B6-4EAE-B67C-D99F5CC2F68D}.Release|x64.ActiveCfg = Release|Any CPU
		{3D396A82-93B6-4EAE-B67C-D99F5CC2F68D}.Release|x64.Build.0 = Release|Any CPU
		{3D396A82-93B6-4EAE-B67C-D99F5CC2F68D}.Release|x86.ActiveCfg = Release|Any CPU
		{3D396A82-93B6-4EAE-B67C-D99F5CC2F68D}.Release|x86.Build.0 = Release|Any CPU
	EndGlobalSection
	GlobalSection(SolutionProperties) = preSolution
		HideSolutionNode = FALSE
	EndGlobalSection
	GlobalSection(ExtensibilityGlobals) = postSolution
		SolutionGuid = {301B3407-40A3-4009-8DFE-5C135510450A}
	EndGlobalSection
EndGlobal
